
Microsoft Visual Studio Solution File, Format Version 12.00
# Visual Studio Version 16
VisualStudioVersion = 16.0.29424.173
MinimumVisualStudioVersion = 10.0.40219.1
Project("{FAE04EC0-301F-11D3-BF4B-00C04F79EFBC}") = "WebCapas", "WebCapas.csproj", "{115CEDB3-9522-46D5-9009-E50E034D100F}"
EndProject
Project("{FAE04EC0-301F-11D3-BF4B-00C04F79EFBC}") = "Capa Entidad", "..\Capa Entidad\Capa Entidad.csproj", "{CD4A2B86-08F7-44A8-80F5-B6CDE6B49A58}"
EndProject
Project("{FAE04EC0-301F-11D3-BF4B-00C04F79EFBC}") = "Capa_Datos", "..\Capa_Datos\Capa_Datos.csproj", "{2DCCF4B6-E3BA-4091-B321-9D6379458B6C}"
EndProject
Project("{FAE04EC0-301F-11D3-BF4B-00C04F79EFBC}") = "Capa Negocio", "..\Capa Negocio\Capa Negocio.csproj", "{59217246-276C-4FBD-AE88-85FD2357715D}"
EndProject
Project("{FAE04EC0-301F-11D3-BF4B-00C04F79EFBC}") = "Capa Usuario", "..\Capa Usuario\Capa Usuario.csproj", "{276C94C6-6B83-45A3-80DA-87733006B052}"
EndProject
Global
	GlobalSection(SolutionConfigurationPlatforms) = preSolution
		Debug|Any CPU = Debug|Any CPU
		Release|Any CPU = Release|Any CPU
	EndGlobalSection
	GlobalSection(ProjectConfigurationPlatforms) = postSolution
		{115CEDB3-9522-46D5-9009-E50E034D100F}.Debug|Any CPU.ActiveCfg = Debug|Any CPU
		{115CEDB3-9522-46D5-9009-E50E034D100F}.Debug|Any CPU.Build.0 = Debug|Any CPU
		{115CEDB3-9522-46D5-9009-E50E034D100F}.Release|Any CPU.ActiveCfg = Release|Any CPU
		{115CEDB3-9522-46D5-9009-E50E034D100F}.Release|Any CPU.Build.0 = Release|Any CPU
		{CD4A2B86-08F7-44A8-80F5-B6CDE6B49A58}.Debug|Any CPU.ActiveCfg = Debug|Any CPU
		{CD4A2B86-08F7-44A8-80F5-B6CDE6B49A58}.Debug|Any CPU.Build.0 = Debug|Any CPU
		{CD4A2B86-08F7-44A8-80F5-B6CDE6B49A58}.Release|Any CPU.ActiveCfg = Release|Any CPU
		{CD4A2B86-08F7-44A8-80F5-B6CDE6B49A58}.Release|Any CPU.Build.0 = Release|Any CPU
		{2DCCF4B6-E3BA-4091-B321-9D6379458B6C}.Debug|Any CPU.ActiveCfg = Debug|Any CPU
		{2DCCF4B6-E3BA-4091-B321-9D6379458B6C}.Debug|Any CPU.Build.0 = Debug|Any CPU
		{2DCCF4B6-E3BA-4091-B321-9D6379458B6C}.Release|Any CPU.ActiveCfg = Release|Any CPU
		{2DCCF4B6-E3BA-4091-B321-9D6379458B6C}.Release|Any CPU.Build.0 = Release|Any CPU
		{59217246-276C-4FBD-AE88-85FD2357715D}.Debug|Any CPU.ActiveCfg = Debug|Any CPU
		{59217246-276C-4FBD-AE88-85FD2357715D}.Debug|Any CPU.Build.0 = Debug|Any CPU
		{59217246-276C-4FBD-AE88-85FD2357715D}.Release|Any CPU.ActiveCfg = Release|Any CPU
		{59217246-276C-4FBD-AE88-85FD2357715D}.Release|Any CPU.Build.0 = Release|Any CPU
		{276C94C6-6B83-45A3-80DA-87733006B052}.Debug|Any CPU.ActiveCfg = Debug|Any CPU
		{276C94C6-6B83-45A3-80DA-87733006B052}.Debug|Any CPU.Build.0 = Debug|Any CPU
		{276C94C6-6B83-45A3-80DA-87733006B052}.Release|Any CPU.ActiveCfg = Release|Any CPU
		{276C94C6-6B83-45A3-80DA-87733006B052}.Release|Any CPU.Build.0 = Release|Any CPU
	EndGlobalSection
	GlobalSection(SolutionProperties) = preSolution
		HideSolutionNode = FALSE
	EndGlobalSection
	GlobalSection(ExtensibilityGlobals) = postSolution
		SolutionGuid = {CD26E375-776E-4C10-8E04-0E6A5A640FA7}
	EndGlobalSection
EndGlobal
